
Microsoft Visual Studio Solution File, Format Version 12.00
# Visual Studio Version 17
VisualStudioVersion = 17.9.34728.123
MinimumVisualStudioVersion = 10.0.40219.1
Project("{FAE04EC0-301F-11D3-BF4B-00C04F79EFBC}") = "GuessNumber", "GuessNumber\GuessNumber.csproj", "{C39951E2-D6B9-4718-B100-D702326ADCB1}"
EndProject
Global
	GlobalSection(SolutionConfigurationPlatforms) = preSolution
		Debug|Any CPU = Debug|Any CPU
		Release|Any CPU = Release|Any CPU
	EndGlobalSection
	GlobalSection(ProjectConfigurationPlatforms) = postSolution
		{C39951E2-D6B9-4718-B100-D702326ADCB1}.Debug|Any CPU.ActiveCfg = Debug|Any CPU
		{C39951E2-D6B9-4718-B100-D702326ADCB1}.Debug|Any CPU.Build.0 = Debug|Any CPU
		{C39951E2-D6B9-4718-B100-D702326ADCB1}.Release|Any CPU.ActiveCfg = Release|Any CPU
		{C39951E2-D6B9-4718-B100-D702326ADCB1}.Release|Any CPU.Build.0 = Release|Any CPU
	EndGlobalSection
	GlobalSection(SolutionProperties) = preSolution
		HideSolutionNode = FALSE
	EndGlobalSection
	GlobalSection(ExtensibilityGlobals) = postSolution
		SolutionGuid = {90AE5306-1CE2-4740-98AD-609BF1EFA079}
	EndGlobalSection
EndGlobal
